
Microsoft Visual Studio Solution File, Format Version 12.00
# Visual Studio 2012
Project("{FAE04EC0-301F-11D3-BF4B-00C04F79EFBC}") = "QrMgr", "QrMgr\QrMgr.csproj", "{282585EB-2AB1-4DCD-AA4B-14F02D33A244}"
EndProject
Global
	GlobalSection(SolutionConfigurationPlatforms) = preSolution
		Debug|Any CPU = Debug|Any CPU
		Release|Any CPU = Release|Any CPU
	EndGlobalSection
	GlobalSection(ProjectConfigurationPlatforms) = postSolution
		{282585EB-2AB1-4DCD-AA4B-14F02D33A244}.Debug|Any CPU.ActiveCfg = Debug|Any CPU
		{282585EB-2AB1-4DCD-AA4B-14F02D33A244}.Debug|Any CPU.Build.0 = Debug|Any CPU
		{282585EB-2AB1-4DCD-AA4B-14F02D33A244}.Release|Any CPU.ActiveCfg = Release|Any CPU
		{282585EB-2AB1-4DCD-AA4B-14F02D33A244}.Release|Any CPU.Build.0 = Release|Any CPU
	EndGlobalSection
	GlobalSection(SolutionProperties) = preSolution
		HideSolutionNode = FALSE
	EndGlobalSection
EndGlobal
